
Microsoft Visual Studio Solution File, Format Version 12.00
# Visual Studio Version 17
VisualStudioVersion = 17.10.35013.160
MinimumVisualStudioVersion = 10.0.40219.1
Project("{FAE04EC0-301F-11D3-BF4B-00C04F79EFBC}") = "FTLite", "TeleportLITE\FTLite.csproj", "{72D6CFAC-2B72-4AF2-AA9E-F4FF82BC369A}"
EndProject
Global
	GlobalSection(SolutionConfigurationPlatforms) = preSolution
		Debug|Any CPU = Debug|Any CPU
		Release|Any CPU = Release|Any CPU
	EndGlobalSection
	GlobalSection(ProjectConfigurationPlatforms) = postSolution
		{72D6CFAC-2B72-4AF2-AA9E-F4FF82BC369A}.Debug|Any CPU.ActiveCfg = Debug|Any CPU
		{72D6CFAC-2B72-4AF2-AA9E-F4FF82BC369A}.Debug|Any CPU.Build.0 = Debug|Any CPU
		{72D6CFAC-2B72-4AF2-AA9E-F4FF82BC369A}.Release|Any CPU.ActiveCfg = Release|Any CPU
		{72D6CFAC-2B72-4AF2-AA9E-F4FF82BC369A}.Release|Any CPU.Build.0 = Release|Any CPU
	EndGlobalSection
	GlobalSection(SolutionProperties) = preSolution
		HideSolutionNode = FALSE
	EndGlobalSection
	GlobalSection(ExtensibilityGlobals) = postSolution
		SolutionGuid = {D9750461-B1EA-465C-BA8C-1FB76CE5BEEB}
	EndGlobalSection
EndGlobal
